{
  "name": "doble9",
  "version": "0.0.5",
  "lockfileVersion": 3,
  "requires": true,
  "packages": {
    "": {
      "name": "doble9",
      "version": "0.0.5",
      "license": "MIT",
      "bin": {
        "doble9": "doble9"
      },
      "devDependencies": {
        "doble9": "*"
      }
    },
    "node_modules/doble9": {
      "version": "0.0.3",
      "resolved": "https://registry.npmjs.org/doble9/-/doble9-0.0.3.tgz",
      "integrity": "sha512-EewL6+FPdc92Bots2T0JBrZetb/5y2HfA7vkq3uXpdCnfkJi17Yoj+T86MOK3f5wnqVISQ5NJX/TkKIaOsfsUg==",
      "dev": true,
      "license": "MIT",
      "bin": {
        "doble9": "doble9"
      }
    }
  }
}
